
Microsoft Visual Studio Solution File, Format Version 12.00
# Visual Studio Version 17
VisualStudioVersion = 17.0.32014.148
MinimumVisualStudioVersion = 10.0.40219.1
Project("{FAE04EC0-301F-11D3-BF4B-00C04F79EFBC}") = "PluginProject", "PluginProject\PluginProject.csproj", "{727378EC-4110-416C-B4EA-DB49541C25A8}"
EndProject
Project("{FAE04EC0-301F-11D3-BF4B-00C04F79EFBC}") = "DemoApp", "DemoApp\DemoApp.csproj", "{6D3C7588-91A4-496B-BE65-F2CE7D911C22}"
EndProject
Project("{FAE04EC0-301F-11D3-BF4B-00C04F79EFBC}") = "ClassLibrary", "ClassLibrary\ClassLibrary.csproj", "{E0474F65-E61A-4651-AE90-5B3C44E107C5}"
EndProject
Global
	GlobalSection(SolutionConfigurationPlatforms) = preSolution
		Debug|Any CPU = Debug|Any CPU
		Release|Any CPU = Release|Any CPU
	EndGlobalSection
	GlobalSection(ProjectConfigurationPlatforms) = postSolution
		{727378EC-4110-416C-B4EA-DB49541C25A8}.Debug|Any CPU.ActiveCfg = Debug|Any CPU
		{727378EC-4110-416C-B4EA-DB49541C25A8}.Debug|Any CPU.Build.0 = Debug|Any CPU
		{727378EC-4110-416C-B4EA-DB49541C25A8}.Release|Any CPU.ActiveCfg = Release|Any CPU
		{727378EC-4110-416C-B4EA-DB49541C25A8}.Release|Any CPU.Build.0 = Release|Any CPU
		{6D3C7588-91A4-496B-BE65-F2CE7D911C22}.Debug|Any CPU.ActiveCfg = Debug|Any CPU
		{6D3C7588-91A4-496B-BE65-F2CE7D911C22}.Debug|Any CPU.Build.0 = Debug|Any CPU
		{6D3C7588-91A4-496B-BE65-F2CE7D911C22}.Release|Any CPU.ActiveCfg = Release|Any CPU
		{6D3C7588-91A4-496B-BE65-F2CE7D911C22}.Release|Any CPU.Build.0 = Release|Any CPU
		{E0474F65-E61A-4651-AE90-5B3C44E107C5}.Debug|Any CPU.ActiveCfg = Debug|Any CPU
		{E0474F65-E61A-4651-AE90-5B3C44E107C5}.Debug|Any CPU.Build.0 = Debug|Any CPU
		{E0474F65-E61A-4651-AE90-5B3C44E107C5}.Release|Any CPU.ActiveCfg = Release|Any CPU
		{E0474F65-E61A-4651-AE90-5B3C44E107C5}.Release|Any CPU.Build.0 = Release|Any CPU
	EndGlobalSection
	GlobalSection(SolutionProperties) = preSolution
		HideSolutionNode = FALSE
	EndGlobalSection
	GlobalSection(ExtensibilityGlobals) = postSolution
		SolutionGuid = {6A045F29-A202-45BF-9195-B8099794CFB3}
	EndGlobalSection
EndGlobal
